
Microsoft Visual Studio Solution File, Format Version 12.00
# Visual Studio Version 18
VisualStudioVersion = 18.0.11217.181 d18.0
MinimumVisualStudioVersion = 10.0.40219.1
Project("{FAE04EC0-301F-11D3-BF4B-00C04F79EFBC}") = "FormerUrban-Afta.DataAccess", "FormerUrban-Afta.DataAccess\FormerUrban-Afta.DataAccess.csproj", "{7DA82B47-51DA-44E4-A9C6-9EFB43BD2CCA}"
EndProject
Project("{FAE04EC0-301F-11D3-BF4B-00C04F79EFBC}") = "FormerUrban-Afta", "FormerUrban-Afta\FormerUrban-Afta.csproj", "{A59BAFC0-B9A0-469C-AAFD-632C36799C1F}"
EndProject
Project("{2150E333-8FDC-42A3-9474-1A3956D46DE8}") = "Solution Items", "Solution Items", "{014A7CC2-6506-483B-82D7-7E47EFAC8FD6}"
	ProjectSection(SolutionItems) = preProject
		global.json = global.json
	EndProjectSection
EndProject
Global
	GlobalSection(SolutionConfigurationPlatforms) = preSolution
		Debug|Any CPU = Debug|Any CPU
		Release|Any CPU = Release|Any CPU
	EndGlobalSection
	GlobalSection(ProjectConfigurationPlatforms) = postSolution
		{7DA82B47-51DA-44E4-A9C6-9EFB43BD2CCA}.Debug|Any CPU.ActiveCfg = Debug|Any CPU
		{7DA82B47-51DA-44E4-A9C6-9EFB43BD2CCA}.Debug|Any CPU.Build.0 = Debug|Any CPU
		{7DA82B47-51DA-44E4-A9C6-9EFB43BD2CCA}.Release|Any CPU.ActiveCfg = Debug|Any CPU
		{7DA82B47-51DA-44E4-A9C6-9EFB43BD2CCA}.Release|Any CPU.Build.0 = Debug|Any CPU
		{A59BAFC0-B9A0-469C-AAFD-632C36799C1F}.Debug|Any CPU.ActiveCfg = Debug|Any CPU
		{A59BAFC0-B9A0-469C-AAFD-632C36799C1F}.Debug|Any CPU.Build.0 = Debug|Any CPU
		{A59BAFC0-B9A0-469C-AAFD-632C36799C1F}.Release|Any CPU.ActiveCfg = Debug|Any CPU
		{A59BAFC0-B9A0-469C-AAFD-632C36799C1F}.Release|Any CPU.Build.0 = Debug|Any CPU
	EndGlobalSection
	GlobalSection(SolutionProperties) = preSolution
		HideSolutionNode = FALSE
	EndGlobalSection
	GlobalSection(ExtensibilityGlobals) = postSolution
		SolutionGuid = {DE5607E2-A6B8-480D-986B-ACF103F2B329}
	EndGlobalSection
EndGlobal
